
Microsoft Visual Studio Solution File, Format Version 12.00
# Visual Studio 15
VisualStudioVersion = 15.0.27428.2037
MinimumVisualStudioVersion = 10.0.40219.1
Project("{FAE04EC0-301F-11D3-BF4B-00C04F79EFBC}") = "WpfDrawPerformanceTest", "WpfDrawPerformanceTest\WpfDrawPerformanceTest.csproj", "{D6F81093-B5EF-46D4-B211-FB5D3826F463}"
EndProject
Global
	GlobalSection(SolutionConfigurationPlatforms) = preSolution
		Debug|Any CPU = Debug|Any CPU
		Release|Any CPU = Release|Any CPU
	EndGlobalSection
	GlobalSection(ProjectConfigurationPlatforms) = postSolution
		{D6F81093-B5EF-46D4-B211-FB5D3826F463}.Debug|Any CPU.ActiveCfg = Debug|Any CPU
		{D6F81093-B5EF-46D4-B211-FB5D3826F463}.Debug|Any CPU.Build.0 = Debug|Any CPU
		{D6F81093-B5EF-46D4-B211-FB5D3826F463}.Release|Any CPU.ActiveCfg = Release|Any CPU
		{D6F81093-B5EF-46D4-B211-FB5D3826F463}.Release|Any CPU.Build.0 = Release|Any CPU
	EndGlobalSection
	GlobalSection(SolutionProperties) = preSolution
		HideSolutionNode = FALSE
	EndGlobalSection
	GlobalSection(ExtensibilityGlobals) = postSolution
		SolutionGuid = {AF2B247F-5F77-4C8A-8FC2-08B69C3C9BA8}
	EndGlobalSection
EndGlobal
